
Microsoft Visual Studio Solution File, Format Version 12.00
# Visual Studio Version 17
VisualStudioVersion = 17.0.31903.59
MinimumVisualStudioVersion = 10.0.40219.1
Project("{9A19103F-16F7-4668-BE54-9A1E7A4F7556}") = "provider", "provider\provider.csproj", "{9CBAF621-C259-4A0B-9F56-5578E32A06FA}"
EndProject
Project("{9A19103F-16F7-4668-BE54-9A1E7A4F7556}") = "processor", "processor\processor.csproj", "{11D1F005-9A65-4670-B861-B8E8B90509F8}"
EndProject
Project("{9A19103F-16F7-4668-BE54-9A1E7A4F7556}") = "viewer", "viewer\viewer.csproj", "{6AB5E4D8-24CA-4058-B95F-BE2ECF7D95FD}"
EndProject
Global
	GlobalSection(SolutionConfigurationPlatforms) = preSolution
		Debug|Any CPU = Debug|Any CPU
		Release|Any CPU = Release|Any CPU
	EndGlobalSection
	GlobalSection(ProjectConfigurationPlatforms) = postSolution
		{9CBAF621-C259-4A0B-9F56-5578E32A06FA}.Debug|Any CPU.ActiveCfg = Debug|Any CPU
		{9CBAF621-C259-4A0B-9F56-5578E32A06FA}.Debug|Any CPU.Build.0 = Debug|Any CPU
		{9CBAF621-C259-4A0B-9F56-5578E32A06FA}.Release|Any CPU.ActiveCfg = Release|Any CPU
		{9CBAF621-C259-4A0B-9F56-5578E32A06FA}.Release|Any CPU.Build.0 = Release|Any CPU
		{11D1F005-9A65-4670-B861-B8E8B90509F8}.Debug|Any CPU.ActiveCfg = Debug|Any CPU
		{11D1F005-9A65-4670-B861-B8E8B90509F8}.Debug|Any CPU.Build.0 = Debug|Any CPU
		{11D1F005-9A65-4670-B861-B8E8B90509F8}.Release|Any CPU.ActiveCfg = Release|Any CPU
		{11D1F005-9A65-4670-B861-B8E8B90509F8}.Release|Any CPU.Build.0 = Release|Any CPU
		{6AB5E4D8-24CA-4058-B95F-BE2ECF7D95FD}.Debug|Any CPU.ActiveCfg = Debug|Any CPU
		{6AB5E4D8-24CA-4058-B95F-BE2ECF7D95FD}.Debug|Any CPU.Build.0 = Debug|Any CPU
		{6AB5E4D8-24CA-4058-B95F-BE2ECF7D95FD}.Release|Any CPU.ActiveCfg = Release|Any CPU
		{6AB5E4D8-24CA-4058-B95F-BE2ECF7D95FD}.Release|Any CPU.Build.0 = Release|Any CPU
	EndGlobalSection
	GlobalSection(SolutionProperties) = preSolution
		HideSolutionNode = FALSE
	EndGlobalSection
	GlobalSection(ExtensibilityGlobals) = postSolution
		SolutionGuid = {4AA41A25-CC22-4B56-9AF5-4B793951BC24}
	EndGlobalSection
EndGlobal
